
Microsoft Visual Studio Solution File, Format Version 12.00
# Visual Studio 14
VisualStudioVersion = 14.0.25420.1
MinimumVisualStudioVersion = 10.0.40219.1
Project("{FAE04EC0-301F-11D3-BF4B-00C04F79EFBC}") = "Demo-Android", "Demo-Android\Demo-Android.csproj", "{922107FB-C1F0-4C61-A6C5-9ACA5D6D16B2}"
EndProject
Project("{FAE04EC0-301F-11D3-BF4B-00C04F79EFBC}") = "Demo-iOS", "Demo-iOS\Demo-iOS.csproj", "{E2B9326F-71B4-46E5-99ED-C92D02371063}"
EndProject
Project("{2150E333-8FDC-42A3-9474-1A3956D46DE8}") = "Bait", "Bait", "{5AAC80CA-059D-426F-A27F-EBDC09E2B4F9}"
EndProject
Project("{2150E333-8FDC-42A3-9474-1A3956D46DE8}") = "Switch", "Switch", "{A61C1B17-76BC-4F41-9338-7F574E641401}"
EndProject
Project("{FAE04EC0-301F-11D3-BF4B-00C04F79EFBC}") = "Demo-PCL", "Demo-PCL\Demo-PCL.csproj", "{89AE26E2-DA02-47E6-AE4A-B418C75E8006}"
EndProject
Project("{2150E333-8FDC-42A3-9474-1A3956D46DE8}") = "!Nuget", "!Nuget", "{919D1BDA-C93D-4191-86B3-B98D50ED6D3E}"
	ProjectSection(SolutionItems) = preProject
		DemoAdvancedPCL.nuspec = DemoAdvancedPCL.nuspec
	EndProjectSection
EndProject
Global
	GlobalSection(SolutionConfigurationPlatforms) = preSolution
		Ad-Hoc|Any CPU = Ad-Hoc|Any CPU
		Ad-Hoc|iPhone = Ad-Hoc|iPhone
		Ad-Hoc|iPhoneSimulator = Ad-Hoc|iPhoneSimulator
		AppStore|Any CPU = AppStore|Any CPU
		AppStore|iPhone = AppStore|iPhone
		AppStore|iPhoneSimulator = AppStore|iPhoneSimulator
		Debug|Any CPU = Debug|Any CPU
		Debug|iPhone = Debug|iPhone
		Debug|iPhoneSimulator = Debug|iPhoneSimulator
		Release|Any CPU = Release|Any CPU
		Release|iPhone = Release|iPhone
		Release|iPhoneSimulator = Release|iPhoneSimulator
	EndGlobalSection
	GlobalSection(ProjectConfigurationPlatforms) = postSolution
		{922107FB-C1F0-4C61-A6C5-9ACA5D6D16B2}.Ad-Hoc|Any CPU.ActiveCfg = Release|Any CPU
		{922107FB-C1F0-4C61-A6C5-9ACA5D6D16B2}.Ad-Hoc|Any CPU.Build.0 = Release|Any CPU
		{922107FB-C1F0-4C61-A6C5-9ACA5D6D16B2}.Ad-Hoc|Any CPU.Deploy.0 = Release|Any CPU
		{922107FB-C1F0-4C61-A6C5-9ACA5D6D16B2}.Ad-Hoc|iPhone.ActiveCfg = Release|Any CPU
		{922107FB-C1F0-4C61-A6C5-9ACA5D6D16B2}.Ad-Hoc|iPhone.Build.0 = Release|Any CPU
		{922107FB-C1F0-4C61-A6C5-9ACA5D6D16B2}.Ad-Hoc|iPhone.Deploy.0 = Release|Any CPU
		{922107FB-C1F0-4C61-A6C5-9ACA5D6D16B2}.Ad-Hoc|iPhoneSimulator.ActiveCfg = Release|Any CPU
		{922107FB-C1F0-4C61-A6C5-9ACA5D6D16B2}.Ad-Hoc|iPhoneSimulator.Build.0 = Release|Any CPU
		{922107FB-C1F0-4C61-A6C5-9ACA5D6D16B2}.Ad-Hoc|iPhoneSimulator.Deploy.0 = Release|Any CPU
		{922107FB-C1F0-4C61-A6C5-9ACA5D6D16B2}.AppStore|Any CPU.ActiveCfg = Release|Any CPU
		{922107FB-C1F0-4C61-A6C5-9ACA5D6D16B2}.AppStore|Any CPU.Build.0 = Release|Any CPU
		{922107FB-C1F0-4C61-A6C5-9ACA5D6D16B2}.AppStore|Any CPU.Deploy.0 = Release|Any CPU
		{922107FB-C1F0-4C61-A6C5-9ACA5D6D16B2}.AppStore|iPhone.ActiveCfg = Release|Any CPU
		{922107FB-C1F0-4C61-A6C5-9ACA5D6D16B2}.AppStore|iPhone.Build.0 = Release|Any CPU
		{922107FB-C1F0-4C61-A6C5-9ACA5D6D16B2}.AppStore|iPhone.Deploy.0 = Release|Any CPU
		{922107FB-C1F0-4C61-A6C5-9ACA5D6D16B2}.AppStore|iPhoneSimulator.ActiveCfg = Release|Any CPU
		{922107FB-C1F0-4C61-A6C5-9ACA5D6D16B2}.AppStore|iPhoneSimulator.Build.0 = Release|Any CPU
		{922107FB-C1F0-4C61-A6C5-9ACA5D6D16B2}.AppStore|iPhoneSimulator.Deploy.0 = Release|Any CPU
		{922107FB-C1F0-4C61-A6C5-9ACA5D6D16B2}.Debug|Any CPU.ActiveCfg = Debug|Any CPU
		{922107FB-C1F0-4C61-A6C5-9ACA5D6D16B2}.Debug|Any CPU.Build.0 = Debug|Any CPU
		{922107FB-C1F0-4C61-A6C5-9ACA5D6D16B2}.Debug|Any CPU.Deploy.0 = Debug|Any CPU
		{922107FB-C1F0-4C61-A6C5-9ACA5D6D16B2}.Debug|iPhone.ActiveCfg = Debug|Any CPU
		{922107FB-C1F0-4C61-A6C5-9ACA5D6D16B2}.Debug|iPhone.Build.0 = Debug|Any CPU
		{922107FB-C1F0-4C61-A6C5-9ACA5D6D16B2}.Debug|iPhone.Deploy.0 = Debug|Any CPU
		{922107FB-C1F0-4C61-A6C5-9ACA5D6D16B2}.Debug|iPhoneSimulator.ActiveCfg = Debug|Any CPU
		{922107FB-C1F0-4C61-A6C5-9ACA5D6D16B2}.Debug|iPhoneSimulator.Build.0 = Debug|Any CPU
		{922107FB-C1F0-4C61-A6C5-9ACA5D6D16B2}.Debug|iPhoneSimulator.Deploy.0 = Debug|Any CPU
		{922107FB-C1F0-4C61-A6C5-9ACA5D6D16B2}.Release|Any CPU.ActiveCfg = Release|Any CPU
		{922107FB-C1F0-4C61-A6C5-9ACA5D6D16B2}.Release|Any CPU.Build.0 = Release|Any CPU
		{922107FB-C1F0-4C61-A6C5-9ACA5D6D16B2}.Release|Any CPU.Deploy.0 = Release|Any CPU
		{922107FB-C1F0-4C61-A6C5-9ACA5D6D16B2}.Release|iPhone.ActiveCfg = Release|Any CPU
		{922107FB-C1F0-4C61-A6C5-9ACA5D6D16B2}.Release|iPhone.Build.0 = Release|Any CPU
		{922107FB-C1F0-4C61-A6C5-9ACA5D6D16B2}.Release|iPhone.Deploy.0 = Release|Any CPU
		{922107FB-C1F0-4C61-A6C5-9ACA5D6D16B2}.Release|iPhoneSimulator.ActiveCfg = Release|Any CPU
		{922107FB-C1F0-4C61-A6C5-9ACA5D6D16B2}.Release|iPhoneSimulator.Build.0 = Release|Any CPU
		{922107FB-C1F0-4C61-A6C5-9ACA5D6D16B2}.Release|iPhoneSimulator.Deploy.0 = Release|Any CPU
		{E2B9326F-71B4-46E5-99ED-C92D02371063}.Ad-Hoc|Any CPU.ActiveCfg = Release|Any CPU
		{E2B9326F-71B4-46E5-99ED-C92D02371063}.Ad-Hoc|Any CPU.Build.0 = Release|Any CPU
		{E2B9326F-71B4-46E5-99ED-C92D02371063}.Ad-Hoc|iPhone.ActiveCfg = Release|Any CPU
		{E2B9326F-71B4-46E5-99ED-C92D02371063}.Ad-Hoc|iPhone.Build.0 = Release|Any CPU
		{E2B9326F-71B4-46E5-99ED-C92D02371063}.Ad-Hoc|iPhoneSimulator.ActiveCfg = Release|Any CPU
		{E2B9326F-71B4-46E5-99ED-C92D02371063}.Ad-Hoc|iPhoneSimulator.Build.0 = Release|Any CPU
		{E2B9326F-71B4-46E5-99ED-C92D02371063}.AppStore|Any CPU.ActiveCfg = Release|Any CPU
		{E2B9326F-71B4-46E5-99ED-C92D02371063}.AppStore|Any CPU.Build.0 = Release|Any CPU
		{E2B9326F-71B4-46E5-99ED-C92D02371063}.AppStore|iPhone.ActiveCfg = Release|Any CPU
		{E2B9326F-71B4-46E5-99ED-C92D02371063}.AppStore|iPhone.Build.0 = Release|Any CPU
		{E2B9326F-71B4-46E5-99ED-C92D02371063}.AppStore|iPhoneSimulator.ActiveCfg = Release|Any CPU
		{E2B9326F-71B4-46E5-99ED-C92D02371063}.AppStore|iPhoneSimulator.Build.0 = Release|Any CPU
		{E2B9326F-71B4-46E5-99ED-C92D02371063}.Debug|Any CPU.ActiveCfg = Debug|Any CPU
		{E2B9326F-71B4-46E5-99ED-C92D02371063}.Debug|Any CPU.Build.0 = Debug|Any CPU
		{E2B9326F-71B4-46E5-99ED-C92D02371063}.Debug|iPhone.ActiveCfg = Debug|Any CPU
		{E2B9326F-71B4-46E5-99ED-C92D02371063}.Debug|iPhone.Build.0 = Debug|Any CPU
		{E2B9326F-71B4-46E5-99ED-C92D02371063}.Debug|iPhoneSimulator.ActiveCfg = Debug|Any CPU
		{E2B9326F-71B4-46E5-99ED-C92D02371063}.Debug|iPhoneSimulator.Build.0 = Debug|Any CPU
		{E2B9326F-71B4-46E5-99ED-C92D02371063}.Release|Any CPU.ActiveCfg = Release|Any CPU
		{E2B9326F-71B4-46E5-99ED-C92D02371063}.Release|Any CPU.Build.0 = Release|Any CPU
		{E2B9326F-71B4-46E5-99ED-C92D02371063}.Release|iPhone.ActiveCfg = Release|Any CPU
		{E2B9326F-71B4-46E5-99ED-C92D02371063}.Release|iPhone.Build.0 = Release|Any CPU
		{E2B9326F-71B4-46E5-99ED-C92D02371063}.Release|iPhoneSimulator.ActiveCfg = Release|Any CPU
		{E2B9326F-71B4-46E5-99ED-C92D02371063}.Release|iPhoneSimulator.Build.0 = Release|Any CPU
		{89AE26E2-DA02-47E6-AE4A-B418C75E8006}.Ad-Hoc|Any CPU.ActiveCfg = Release|Any CPU
		{89AE26E2-DA02-47E6-AE4A-B418C75E8006}.Ad-Hoc|Any CPU.Build.0 = Release|Any CPU
		{89AE26E2-DA02-47E6-AE4A-B418C75E8006}.Ad-Hoc|iPhone.ActiveCfg = Release|Any CPU
		{89AE26E2-DA02-47E6-AE4A-B418C75E8006}.Ad-Hoc|iPhone.Build.0 = Release|Any CPU
		{89AE26E2-DA02-47E6-AE4A-B418C75E8006}.Ad-Hoc|iPhoneSimulator.ActiveCfg = Release|Any CPU
		{89AE26E2-DA02-47E6-AE4A-B418C75E8006}.Ad-Hoc|iPhoneSimulator.Build.0 = Release|Any CPU
		{89AE26E2-DA02-47E6-AE4A-B418C75E8006}.AppStore|Any CPU.ActiveCfg = Release|Any CPU
		{89AE26E2-DA02-47E6-AE4A-B418C75E8006}.AppStore|Any CPU.Build.0 = Release|Any CPU
		{89AE26E2-DA02-47E6-AE4A-B418C75E8006}.AppStore|iPhone.ActiveCfg = Release|Any CPU
		{89AE26E2-DA02-47E6-AE4A-B418C75E8006}.AppStore|iPhone.Build.0 = Release|Any CPU
		{89AE26E2-DA02-47E6-AE4A-B418C75E8006}.AppStore|iPhoneSimulator.ActiveCfg = Release|Any CPU
		{89AE26E2-DA02-47E6-AE4A-B418C75E8006}.AppStore|iPhoneSimulator.Build.0 = Release|Any CPU
		{89AE26E2-DA02-47E6-AE4A-B418C75E8006}.Debug|Any CPU.ActiveCfg = Debug|Any CPU
		{89AE26E2-DA02-47E6-AE4A-B418C75E8006}.Debug|Any CPU.Build.0 = Debug|Any CPU
		{89AE26E2-DA02-47E6-AE4A-B418C75E8006}.Debug|iPhone.ActiveCfg = Debug|Any CPU
		{89AE26E2-DA02-47E6-AE4A-B418C75E8006}.Debug|iPhone.Build.0 = Debug|Any CPU
		{89AE26E2-DA02-47E6-AE4A-B418C75E8006}.Debug|iPhoneSimulator.ActiveCfg = Debug|Any CPU
		{89AE26E2-DA02-47E6-AE4A-B418C75E8006}.Debug|iPhoneSimulator.Build.0 = Debug|Any CPU
		{89AE26E2-DA02-47E6-AE4A-B418C75E8006}.Release|Any CPU.ActiveCfg = Release|Any CPU
		{89AE26E2-DA02-47E6-AE4A-B418C75E8006}.Release|Any CPU.Build.0 = Release|Any CPU
		{89AE26E2-DA02-47E6-AE4A-B418C75E8006}.Release|iPhone.ActiveCfg = Release|Any CPU
		{89AE26E2-DA02-47E6-AE4A-B418C75E8006}.Release|iPhone.Build.0 = Release|Any CPU
		{89AE26E2-DA02-47E6-AE4A-B418C75E8006}.Release|iPhoneSimulator.ActiveCfg = Release|Any CPU
		{89AE26E2-DA02-47E6-AE4A-B418C75E8006}.Release|iPhoneSimulator.Build.0 = Release|Any CPU
	EndGlobalSection
	GlobalSection(SolutionProperties) = preSolution
		HideSolutionNode = FALSE
	EndGlobalSection
	GlobalSection(NestedProjects) = preSolution
		{922107FB-C1F0-4C61-A6C5-9ACA5D6D16B2} = {A61C1B17-76BC-4F41-9338-7F574E641401}
		{E2B9326F-71B4-46E5-99ED-C92D02371063} = {A61C1B17-76BC-4F41-9338-7F574E641401}
		{89AE26E2-DA02-47E6-AE4A-B418C75E8006} = {5AAC80CA-059D-426F-A27F-EBDC09E2B4F9}
	EndGlobalSection
EndGlobal
