
Microsoft Visual Studio Solution File, Format Version 12.00
# Visual Studio 14
VisualStudioVersion = 14.0.25420.1
MinimumVisualStudioVersion = 10.0.40219.1
Project("{FAE04EC0-301F-11D3-BF4B-00C04F79EFBC}") = "Demo.Plugin.AlertDialog.Droid", "Demo.Plugin.AlertDialog\Demo.Plugin.AlertDialog.Droid\Demo.Plugin.AlertDialog.Droid.csproj", "{5DC5FFCB-F354-4425-B8E6-BD0BC9CCAE87}"
EndProject
Project("{FAE04EC0-301F-11D3-BF4B-00C04F79EFBC}") = "Demo.Plugin.AlertDialog", "Demo.Plugin.AlertDialog\Demo.Plugin.AlertDialog\Demo.Plugin.AlertDialog.csproj", "{C540E27E-A09E-4E86-A341-301FAE55DEE9}"
EndProject
Project("{FAE04EC0-301F-11D3-BF4B-00C04F79EFBC}") = "Demo.Plugin.AlertDialog.iOS", "Demo.Plugin.AlertDialog\Demo.Plugin.AlertDialog.iOS\Demo.Plugin.AlertDialog.iOS.csproj", "{19D6D1E2-BA1E-4F12-AC9F-6950C3E90C47}"
EndProject
Project("{FAE04EC0-301F-11D3-BF4B-00C04F79EFBC}") = "Demo.Plugin.AlertDialog.Nuget", "Demo.Plugin.AlertDialog\Demo.Plugin.AlertDialog.Nuget\Demo.Plugin.AlertDialog.Nuget.csproj", "{1CD03813-C625-4262-AA6E-E3AAA6ED8B07}"
EndProject
Global
	GlobalSection(SolutionConfigurationPlatforms) = preSolution
		Debug|Any CPU = Debug|Any CPU
		Debug|ARM = Debug|ARM
		Debug|x64 = Debug|x64
		Debug|x86 = Debug|x86
		Release|Any CPU = Release|Any CPU
		Release|ARM = Release|ARM
		Release|x64 = Release|x64
		Release|x86 = Release|x86
	EndGlobalSection
	GlobalSection(ProjectConfigurationPlatforms) = postSolution
		{5DC5FFCB-F354-4425-B8E6-BD0BC9CCAE87}.Debug|Any CPU.ActiveCfg = Debug|Any CPU
		{5DC5FFCB-F354-4425-B8E6-BD0BC9CCAE87}.Debug|Any CPU.Build.0 = Debug|Any CPU
		{5DC5FFCB-F354-4425-B8E6-BD0BC9CCAE87}.Debug|ARM.ActiveCfg = Debug|Any CPU
		{5DC5FFCB-F354-4425-B8E6-BD0BC9CCAE87}.Debug|ARM.Build.0 = Debug|Any CPU
		{5DC5FFCB-F354-4425-B8E6-BD0BC9CCAE87}.Debug|x64.ActiveCfg = Debug|Any CPU
		{5DC5FFCB-F354-4425-B8E6-BD0BC9CCAE87}.Debug|x64.Build.0 = Debug|Any CPU
		{5DC5FFCB-F354-4425-B8E6-BD0BC9CCAE87}.Debug|x86.ActiveCfg = Debug|Any CPU
		{5DC5FFCB-F354-4425-B8E6-BD0BC9CCAE87}.Debug|x86.Build.0 = Debug|Any CPU
		{5DC5FFCB-F354-4425-B8E6-BD0BC9CCAE87}.Release|Any CPU.ActiveCfg = Release|Any CPU
		{5DC5FFCB-F354-4425-B8E6-BD0BC9CCAE87}.Release|Any CPU.Build.0 = Release|Any CPU
		{5DC5FFCB-F354-4425-B8E6-BD0BC9CCAE87}.Release|ARM.ActiveCfg = Release|Any CPU
		{5DC5FFCB-F354-4425-B8E6-BD0BC9CCAE87}.Release|ARM.Build.0 = Release|Any CPU
		{5DC5FFCB-F354-4425-B8E6-BD0BC9CCAE87}.Release|x64.ActiveCfg = Release|Any CPU
		{5DC5FFCB-F354-4425-B8E6-BD0BC9CCAE87}.Release|x64.Build.0 = Release|Any CPU
		{5DC5FFCB-F354-4425-B8E6-BD0BC9CCAE87}.Release|x86.ActiveCfg = Release|Any CPU
		{5DC5FFCB-F354-4425-B8E6-BD0BC9CCAE87}.Release|x86.Build.0 = Release|Any CPU
		{C540E27E-A09E-4E86-A341-301FAE55DEE9}.Debug|Any CPU.ActiveCfg = Debug|Any CPU
		{C540E27E-A09E-4E86-A341-301FAE55DEE9}.Debug|Any CPU.Build.0 = Debug|Any CPU
		{C540E27E-A09E-4E86-A341-301FAE55DEE9}.Debug|ARM.ActiveCfg = Debug|Any CPU
		{C540E27E-A09E-4E86-A341-301FAE55DEE9}.Debug|ARM.Build.0 = Debug|Any CPU
		{C540E27E-A09E-4E86-A341-301FAE55DEE9}.Debug|x64.ActiveCfg = Debug|Any CPU
		{C540E27E-A09E-4E86-A341-301FAE55DEE9}.Debug|x64.Build.0 = Debug|Any CPU
		{C540E27E-A09E-4E86-A341-301FAE55DEE9}.Debug|x86.ActiveCfg = Debug|Any CPU
		{C540E27E-A09E-4E86-A341-301FAE55DEE9}.Debug|x86.Build.0 = Debug|Any CPU
		{C540E27E-A09E-4E86-A341-301FAE55DEE9}.Release|Any CPU.ActiveCfg = Release|Any CPU
		{C540E27E-A09E-4E86-A341-301FAE55DEE9}.Release|Any CPU.Build.0 = Release|Any CPU
		{C540E27E-A09E-4E86-A341-301FAE55DEE9}.Release|ARM.ActiveCfg = Release|Any CPU
		{C540E27E-A09E-4E86-A341-301FAE55DEE9}.Release|ARM.Build.0 = Release|Any CPU
		{C540E27E-A09E-4E86-A341-301FAE55DEE9}.Release|x64.ActiveCfg = Release|Any CPU
		{C540E27E-A09E-4E86-A341-301FAE55DEE9}.Release|x64.Build.0 = Release|Any CPU
		{C540E27E-A09E-4E86-A341-301FAE55DEE9}.Release|x86.ActiveCfg = Release|Any CPU
		{C540E27E-A09E-4E86-A341-301FAE55DEE9}.Release|x86.Build.0 = Release|Any CPU
		{19D6D1E2-BA1E-4F12-AC9F-6950C3E90C47}.Debug|Any CPU.ActiveCfg = Debug|Any CPU
		{19D6D1E2-BA1E-4F12-AC9F-6950C3E90C47}.Debug|Any CPU.Build.0 = Debug|Any CPU
		{19D6D1E2-BA1E-4F12-AC9F-6950C3E90C47}.Debug|ARM.ActiveCfg = Debug|Any CPU
		{19D6D1E2-BA1E-4F12-AC9F-6950C3E90C47}.Debug|ARM.Build.0 = Debug|Any CPU
		{19D6D1E2-BA1E-4F12-AC9F-6950C3E90C47}.Debug|x64.ActiveCfg = Debug|Any CPU
		{19D6D1E2-BA1E-4F12-AC9F-6950C3E90C47}.Debug|x64.Build.0 = Debug|Any CPU
		{19D6D1E2-BA1E-4F12-AC9F-6950C3E90C47}.Debug|x86.ActiveCfg = Debug|Any CPU
		{19D6D1E2-BA1E-4F12-AC9F-6950C3E90C47}.Debug|x86.Build.0 = Debug|Any CPU
		{19D6D1E2-BA1E-4F12-AC9F-6950C3E90C47}.Release|Any CPU.ActiveCfg = Release|Any CPU
		{19D6D1E2-BA1E-4F12-AC9F-6950C3E90C47}.Release|Any CPU.Build.0 = Release|Any CPU
		{19D6D1E2-BA1E-4F12-AC9F-6950C3E90C47}.Release|ARM.ActiveCfg = Release|Any CPU
		{19D6D1E2-BA1E-4F12-AC9F-6950C3E90C47}.Release|ARM.Build.0 = Release|Any CPU
		{19D6D1E2-BA1E-4F12-AC9F-6950C3E90C47}.Release|x64.ActiveCfg = Release|Any CPU
		{19D6D1E2-BA1E-4F12-AC9F-6950C3E90C47}.Release|x64.Build.0 = Release|Any CPU
		{19D6D1E2-BA1E-4F12-AC9F-6950C3E90C47}.Release|x86.ActiveCfg = Release|Any CPU
		{19D6D1E2-BA1E-4F12-AC9F-6950C3E90C47}.Release|x86.Build.0 = Release|Any CPU
		{1CD03813-C625-4262-AA6E-E3AAA6ED8B07}.Debug|Any CPU.ActiveCfg = Debug|Any CPU
		{1CD03813-C625-4262-AA6E-E3AAA6ED8B07}.Debug|Any CPU.Build.0 = Debug|Any CPU
		{1CD03813-C625-4262-AA6E-E3AAA6ED8B07}.Debug|ARM.ActiveCfg = Debug|Any CPU
		{1CD03813-C625-4262-AA6E-E3AAA6ED8B07}.Debug|ARM.Build.0 = Debug|Any CPU
		{1CD03813-C625-4262-AA6E-E3AAA6ED8B07}.Debug|x64.ActiveCfg = Debug|Any CPU
		{1CD03813-C625-4262-AA6E-E3AAA6ED8B07}.Debug|x64.Build.0 = Debug|Any CPU
		{1CD03813-C625-4262-AA6E-E3AAA6ED8B07}.Debug|x86.ActiveCfg = Debug|Any CPU
		{1CD03813-C625-4262-AA6E-E3AAA6ED8B07}.Debug|x86.Build.0 = Debug|Any CPU
		{1CD03813-C625-4262-AA6E-E3AAA6ED8B07}.Release|Any CPU.ActiveCfg = Release|Any CPU
		{1CD03813-C625-4262-AA6E-E3AAA6ED8B07}.Release|Any CPU.Build.0 = Release|Any CPU
		{1CD03813-C625-4262-AA6E-E3AAA6ED8B07}.Release|ARM.ActiveCfg = Release|Any CPU
		{1CD03813-C625-4262-AA6E-E3AAA6ED8B07}.Release|ARM.Build.0 = Release|Any CPU
		{1CD03813-C625-4262-AA6E-E3AAA6ED8B07}.Release|x64.ActiveCfg = Release|Any CPU
		{1CD03813-C625-4262-AA6E-E3AAA6ED8B07}.Release|x64.Build.0 = Release|Any CPU
		{1CD03813-C625-4262-AA6E-E3AAA6ED8B07}.Release|x86.ActiveCfg = Release|Any CPU
		{1CD03813-C625-4262-AA6E-E3AAA6ED8B07}.Release|x86.Build.0 = Release|Any CPU
	EndGlobalSection
	GlobalSection(SolutionProperties) = preSolution
		HideSolutionNode = FALSE
	EndGlobalSection
EndGlobal
